
Microsoft Visual Studio Solution File, Format Version 12.00
# Visual Studio 2015
Project("{FAE04EC0-301F-11D3-BF4B-00C04F79EFBC}") = "joker", "joker.csproj", "{F5C93811-F838-1A28-D86D-CAE398D4BB9A}"
EndProject
Project("{FAE04EC0-301F-11D3-BF4B-00C04F79EFBC}") = "joker.Editor", "joker.Editor.csproj", "{899AFB69-959E-D8BF-C385-F36DB172DA7A}"
EndProject
Global
	GlobalSection(SolutionConfigurationPlatforms) = preSolution
		Debug|Any CPU = Debug|Any CPU
		Release|Any CPU = Release|Any CPU
	EndGlobalSection
	GlobalSection(ProjectConfigurationPlatforms) = postSolution
		{F5C93811-F838-1A28-D86D-CAE398D4BB9A}.Debug|Any CPU.ActiveCfg = Debug|Any CPU
		{F5C93811-F838-1A28-D86D-CAE398D4BB9A}.Debug|Any CPU.Build.0 = Debug|Any CPU
		{F5C93811-F838-1A28-D86D-CAE398D4BB9A}.Release|Any CPU.ActiveCfg = Release|Any CPU
		{F5C93811-F838-1A28-D86D-CAE398D4BB9A}.Release|Any CPU.Build.0 = Release|Any CPU
		{899AFB69-959E-D8BF-C385-F36DB172DA7A}.Debug|Any CPU.ActiveCfg = Debug|Any CPU
		{899AFB69-959E-D8BF-C385-F36DB172DA7A}.Debug|Any CPU.Build.0 = Debug|Any CPU
		{899AFB69-959E-D8BF-C385-F36DB172DA7A}.Release|Any CPU.ActiveCfg = Release|Any CPU
		{899AFB69-959E-D8BF-C385-F36DB172DA7A}.Release|Any CPU.Build.0 = Release|Any CPU
	EndGlobalSection
	GlobalSection(SolutionProperties) = preSolution
		HideSolutionNode = FALSE
	EndGlobalSection
EndGlobal
